// !$*UTF8*$!
{
	archiveVersion = 1;
	classes = {
	};
	objectVersion = 50;
	objects = {

/* Begin PBXBuildFile section */
		3821C5D222279E7A00977869 /* AppDelegate.swift in Sources */ = {isa = PBXBuildFile; fileRef = 3821C5D122279E7A00977869 /* AppDelegate.swift */; };
		3821C5D922279E7B00977869 /* Assets.xcassets in Resources */ = {isa = PBXBuildFile; fileRef = 3821C5D822279E7B00977869 /* Assets.xcassets */; };
		3821C5DC22279E7B00977869 /* LaunchScreen.storyboard in Resources */ = {isa = PBXBuildFile; fileRef = 3821C5DA22279E7B00977869 /* LaunchScreen.storyboard */; };
		3821C5F72227A90D00977869 /* Router.swift in Sources */ = {isa = PBXBuildFile; fileRef = 3821C5F62227A90D00977869 /* Router.swift */; };
		3821C5FA2227ABEC00977869 /* LoginMainView.xib in Resources */ = {isa = PBXBuildFile; fileRef = 3821C5F92227ABEC00977869 /* LoginMainView.xib */; };
		3821C5FE2227AED400977869 /* LoginMainViewController.swift in Sources */ = {isa = PBXBuildFile; fileRef = 3821C5FD2227AED400977869 /* LoginMainViewController.swift */; };
		3821C6002227B00E00977869 /* LoginMainView.swift in Sources */ = {isa = PBXBuildFile; fileRef = 3821C5FF2227B00E00977869 /* LoginMainView.swift */; };
		3821C6062227B65200977869 /* LoginRouter.swift in Sources */ = {isa = PBXBuildFile; fileRef = 3821C6052227B65200977869 /* LoginRouter.swift */; };
		3821C6082227B7D800977869 /* UserLoginViewController.swift in Sources */ = {isa = PBXBuildFile; fileRef = 3821C6072227B7D800977869 /* UserLoginViewController.swift */; };
		3821C60B2227C5B600977869 /* Color+Extension.swift in Sources */ = {isa = PBXBuildFile; fileRef = 3821C60A2227C5B600977869 /* Color+Extension.swift */; };
		3821C60E2227C9DB00977869 /* UserLoginView.swift in Sources */ = {isa = PBXBuildFile; fileRef = 3821C60D2227C9DB00977869 /* UserLoginView.swift */; };
		3821C6102227C9F200977869 /* UserLoginView.xib in Resources */ = {isa = PBXBuildFile; fileRef = 3821C60F2227C9F200977869 /* UserLoginView.xib */; };
		3821C6132227CE0C00977869 /* TextfieldView.swift in Sources */ = {isa = PBXBuildFile; fileRef = 3821C6122227CE0C00977869 /* TextfieldView.swift */; };
		3821C6152227CF7500977869 /* Validator.swift in Sources */ = {isa = PBXBuildFile; fileRef = 3821C6142227CF7500977869 /* Validator.swift */; };
		3821C61C2227D6A900977869 /* ProximaNova.ttf in Resources */ = {isa = PBXBuildFile; fileRef = 3821C6172227D6A900977869 /* ProximaNova.ttf */; };
		3821C61D2227D6A900977869 /* ProximaNovaRegular.ttf in Resources */ = {isa = PBXBuildFile; fileRef = 3821C6182227D6A900977869 /* ProximaNovaRegular.ttf */; };
		3821C61E2227D6A900977869 /* ProximaNovaLight.ttf in Resources */ = {isa = PBXBuildFile; fileRef = 3821C6192227D6A900977869 /* ProximaNovaLight.ttf */; };
		3821C61F2227D6A900977869 /* ProximaNovaSemibold.ttf in Resources */ = {isa = PBXBuildFile; fileRef = 3821C61A2227D6A900977869 /* ProximaNovaSemibold.ttf */; };
		3821C6202227D6A900977869 /* MarkSimonson-ProximaNova.ttf in Resources */ = {isa = PBXBuildFile; fileRef = 3821C61B2227D6A900977869 /* MarkSimonson-ProximaNova.ttf */; };
		3821C6232227DCA800977869 /* UserSignupViewController.swift in Sources */ = {isa = PBXBuildFile; fileRef = 3821C6222227DCA800977869 /* UserSignupViewController.swift */; };
		3821C6252227DCCE00977869 /* UserSignupView.swift in Sources */ = {isa = PBXBuildFile; fileRef = 3821C6242227DCCE00977869 /* UserSignupView.swift */; };
		3821C6272227DCDD00977869 /* UserSignupView.xib in Resources */ = {isa = PBXBuildFile; fileRef = 3821C6262227DCDD00977869 /* UserSignupView.xib */; };
		F1091B6038022A7A0DCB379D /* Pods_HABIT_OF.framework in Frameworks */ = {isa = PBXBuildFile; fileRef = 6F5DA97AC36DD79E1DCB1798 /* Pods_HABIT_OF.framework */; };
/* End PBXBuildFile section */

/* Begin PBXFileReference section */
		3821C5CE22279E7A00977869 /* HABIT_OF.app */ = {isa = PBXFileReference; explicitFileType = wrapper.application; includeInIndex = 0; path = HABIT_OF.app; sourceTree = BUILT_PRODUCTS_DIR; };
		3821C5D122279E7A00977869 /* AppDelegate.swift */ = {isa = PBXFileReference; lastKnownFileType = sourcecode.swift; path = AppDelegate.swift; sourceTree = "<group>"; };
		3821C5D822279E7B00977869 /* Assets.xcassets */ = {isa = PBXFileReference; lastKnownFileType = folder.assetcatalog; path = Assets.xcassets; sourceTree = "<group>"; };
		3821C5DB22279E7B00977869 /* Base */ = {isa = PBXFileReference; lastKnownFileType = file.storyboard; name = Base; path = Base.lproj/LaunchScreen.storyboard; sourceTree = "<group>"; };
		3821C5DD22279E7B00977869 /* Info.plist */ = {isa = PBXFileReference; lastKnownFileType = text.plist.xml; path = Info.plist; sourceTree = "<group>"; };
		3821C5F62227A90D00977869 /* Router.swift */ = {isa = PBXFileReference; lastKnownFileType = sourcecode.swift; path = Router.swift; sourceTree = "<group>"; };
		3821C5F92227ABEC00977869 /* LoginMainView.xib */ = {isa = PBXFileReference; lastKnownFileType = file.xib; path = LoginMainView.xib; sourceTree = "<group>"; };
		3821C5FD2227AED400977869 /* LoginMainViewController.swift */ = {isa = PBXFileReference; lastKnownFileType = sourcecode.swift; path = LoginMainViewController.swift; sourceTree = "<group>"; };
		3821C5FF2227B00E00977869 /* LoginMainView.swift */ = {isa = PBXFileReference; lastKnownFileType = sourcecode.swift; path = LoginMainView.swift; sourceTree = "<group>"; };
		3821C6052227B65200977869 /* LoginRouter.swift */ = {isa = PBXFileReference; lastKnownFileType = sourcecode.swift; path = LoginRouter.swift; sourceTree = "<group>"; };
		3821C6072227B7D800977869 /* UserLoginViewController.swift */ = {isa = PBXFileReference; lastKnownFileType = sourcecode.swift; path = UserLoginViewController.swift; sourceTree = "<group>"; };
		3821C60A2227C5B600977869 /* Color+Extension.swift */ = {isa = PBXFileReference; lastKnownFileType = sourcecode.swift; path = "Color+Extension.swift"; sourceTree = "<group>"; };
		3821C60D2227C9DB00977869 /* UserLoginView.swift */ = {isa = PBXFileReference; lastKnownFileType = sourcecode.swift; path = UserLoginView.swift; sourceTree = "<group>"; };
		3821C60F2227C9F200977869 /* UserLoginView.xib */ = {isa = PBXFileReference; lastKnownFileType = file.xib; path = UserLoginView.xib; sourceTree = "<group>"; };
		3821C6122227CE0C00977869 /* TextfieldView.swift */ = {isa = PBXFileReference; lastKnownFileType = sourcecode.swift; path = TextfieldView.swift; sourceTree = "<group>"; };
		3821C6142227CF7500977869 /* Validator.swift */ = {isa = PBXFileReference; lastKnownFileType = sourcecode.swift; path = Validator.swift; sourceTree = "<group>"; };
		3821C6172227D6A900977869 /* ProximaNova.ttf */ = {isa = PBXFileReference; lastKnownFileType = file; path = ProximaNova.ttf; sourceTree = "<group>"; };
		3821C6182227D6A900977869 /* ProximaNovaRegular.ttf */ = {isa = PBXFileReference; lastKnownFileType = file; path = ProximaNovaRegular.ttf; sourceTree = "<group>"; };
		3821C6192227D6A900977869 /* ProximaNovaLight.ttf */ = {isa = PBXFileReference; lastKnownFileType = file; path = ProximaNovaLight.ttf; sourceTree = "<group>"; };
		3821C61A2227D6A900977869 /* ProximaNovaSemibold.ttf */ = {isa = PBXFileReference; lastKnownFileType = file; path = ProximaNovaSemibold.ttf; sourceTree = "<group>"; };
		3821C61B2227D6A900977869 /* MarkSimonson-ProximaNova.ttf */ = {isa = PBXFileReference; lastKnownFileType = file; path = "MarkSimonson-ProximaNova.ttf"; sourceTree = "<group>"; };
		3821C6222227DCA800977869 /* UserSignupViewController.swift */ = {isa = PBXFileReference; lastKnownFileType = sourcecode.swift; path = UserSignupViewController.swift; sourceTree = "<group>"; };
		3821C6242227DCCE00977869 /* UserSignupView.swift */ = {isa = PBXFileReference; lastKnownFileType = sourcecode.swift; path = UserSignupView.swift; sourceTree = "<group>"; };
		3821C6262227DCDD00977869 /* UserSignupView.xib */ = {isa = PBXFileReference; lastKnownFileType = file.xib; path = UserSignupView.xib; sourceTree = "<group>"; };
		6F5DA97AC36DD79E1DCB1798 /* Pods_HABIT_OF.framework */ = {isa = PBXFileReference; explicitFileType = wrapper.framework; includeInIndex = 0; path = Pods_HABIT_OF.framework; sourceTree = BUILT_PRODUCTS_DIR; };
		CE550BBEC12E243DBC929E7E /* Pods-HABIT_OF.debug.xcconfig */ = {isa = PBXFileReference; includeInIndex = 1; lastKnownFileType = text.xcconfig; name = "Pods-HABIT_OF.debug.xcconfig"; path = "Pods/Target Support Files/Pods-HABIT_OF/Pods-HABIT_OF.debug.xcconfig"; sourceTree = "<group>"; };
		E472069783F18870E23C7C43 /* Pods-HABIT_OF.release.xcconfig */ = {isa = PBXFileReference; includeInIndex = 1; lastKnownFileType = text.xcconfig; name = "Pods-HABIT_OF.release.xcconfig"; path = "Pods/Target Support Files/Pods-HABIT_OF/Pods-HABIT_OF.release.xcconfig"; sourceTree = "<group>"; };
/* End PBXFileReference section */

/* Begin PBXFrameworksBuildPhase section */
		3821C5CB22279E7A00977869 /* Frameworks */ = {
			isa = PBXFrameworksBuildPhase;
			buildActionMask = 2147483647;
			files = (
				F1091B6038022A7A0DCB379D /* Pods_HABIT_OF.framework in Frameworks */,
			);
			runOnlyForDeploymentPostprocessing = 0;
		};
/* End PBXFrameworksBuildPhase section */

/* Begin PBXGroup section */
		3821C5C522279E7A00977869 = {
			isa = PBXGroup;
			children = (
				3821C5D022279E7A00977869 /* HABIT_OF */,
				3821C5CF22279E7A00977869 /* Products */,
				C707D401C3594A817379E90C /* Pods */,
				62B9FC38DC3FA69A975CF080 /* Frameworks */,
			);
			sourceTree = "<group>";
		};
		3821C5CF22279E7A00977869 /* Products */ = {
			isa = PBXGroup;
			children = (
				3821C5CE22279E7A00977869 /* HABIT_OF.app */,
			);
			name = Products;
			sourceTree = "<group>";
		};
		3821C5D022279E7A00977869 /* HABIT_OF */ = {
			isa = PBXGroup;
			children = (
				3821C5E322279F8D00977869 /* Classes */,
				3821C5E422279F9800977869 /* Resources */,
				3821C5E522279FBF00977869 /* Supporting Files */,
			);
			path = HABIT_OF;
			sourceTree = "<group>";
		};
		3821C5E322279F8D00977869 /* Classes */ = {
			isa = PBXGroup;
			children = (
				3821C5ED2227A6A000977869 /* Presentation  */,
				3821C5EC2227A69A00977869 /* Common */,
				3821C5EB2227A68E00977869 /* Business Logic */,
				3821C5D122279E7A00977869 /* AppDelegate.swift */,
			);
			path = Classes;
			sourceTree = "<group>";
		};
		3821C5E422279F9800977869 /* Resources */ = {
			isa = PBXGroup;
			children = (
				3821C6162227D68400977869 /* fonts */,
				3821C5D822279E7B00977869 /* Assets.xcassets */,
				3821C5DA22279E7B00977869 /* LaunchScreen.storyboard */,
			);
			path = Resources;
			sourceTree = "<group>";
		};
		3821C5E522279FBF00977869 /* Supporting Files */ = {
			isa = PBXGroup;
			children = (
				3821C5DD22279E7B00977869 /* Info.plist */,
			);
			path = "Supporting Files";
			sourceTree = "<group>";
		};
		3821C5EB2227A68E00977869 /* Business Logic */ = {
			isa = PBXGroup;
			children = (
			);
			path = "Business Logic";
			sourceTree = "<group>";
		};
		3821C5EC2227A69A00977869 /* Common */ = {
			isa = PBXGroup;
			children = (
			);
			path = Common;
			sourceTree = "<group>";
		};
		3821C5ED2227A6A000977869 /* Presentation  */ = {
			isa = PBXGroup;
			children = (
				3821C5F42227A8A100977869 /* Common */,
				3821C5EE2227A6C800977869 /* User Login  */,
			);
			path = "Presentation ";
			sourceTree = "<group>";
		};
		3821C5EE2227A6C800977869 /* User Login  */ = {
			isa = PBXGroup;
			children = (
				3821C5F32227A82C00977869 /* Router */,
				3821C5F22227A7AA00977869 /* Helper */,
				3821C5F12227A71500977869 /* View Controller */,
				3821C5F02227A70800977869 /* View Model */,
				3821C5EF2227A6F700977869 /* View */,
			);
			path = "User Login ";
			sourceTree = "<group>";
		};
		3821C5EF2227A6F700977869 /* View */ = {
			isa = PBXGroup;
			children = (
				3821C6212227DC5800977869 /* User Signup */,
				3821C60C2227C99100977869 /* User Login */,
				3821C5F82227ABBB00977869 /* Login Main */,
			);
			path = View;
			sourceTree = "<group>";
		};
		3821C5F02227A70800977869 /* View Model */ = {
			isa = PBXGroup;
			children = (
			);
			path = "View Model";
			sourceTree = "<group>";
		};
		3821C5F12227A71500977869 /* View Controller */ = {
			isa = PBXGroup;
			children = (
				3821C5FD2227AED400977869 /* LoginMainViewController.swift */,
				3821C6072227B7D800977869 /* UserLoginViewController.swift */,
				3821C6222227DCA800977869 /* UserSignupViewController.swift */,
			);
			path = "View Controller";
			sourceTree = "<group>";
		};
		3821C5F22227A7AA00977869 /* Helper */ = {
			isa = PBXGroup;
			children = (
				3821C6142227CF7500977869 /* Validator.swift */,
			);
			path = Helper;
			sourceTree = "<group>";
		};
		3821C5F32227A82C00977869 /* Router */ = {
			isa = PBXGroup;
			children = (
				3821C6052227B65200977869 /* LoginRouter.swift */,
			);
			path = Router;
			sourceTree = "<group>";
		};
		3821C5F42227A8A100977869 /* Common */ = {
			isa = PBXGroup;
			children = (
				3821C6112227CDE700977869 /* Custom View */,
				3821C6092227C56600977869 /* Color */,
				3821C5F52227A8A800977869 /* Router */,
			);
			path = Common;
			sourceTree = "<group>";
		};
		3821C5F52227A8A800977869 /* Router */ = {
			isa = PBXGroup;
			children = (
				3821C5F62227A90D00977869 /* Router.swift */,
			);
			path = Router;
			sourceTree = "<group>";
		};
		3821C5F82227ABBB00977869 /* Login Main */ = {
			isa = PBXGroup;
			children = (
				3821C5F92227ABEC00977869 /* LoginMainView.xib */,
				3821C5FF2227B00E00977869 /* LoginMainView.swift */,
			);
			path = "Login Main";
			sourceTree = "<group>";
		};
		3821C6092227C56600977869 /* Color */ = {
			isa = PBXGroup;
			children = (
				3821C60A2227C5B600977869 /* Color+Extension.swift */,
			);
			path = Color;
			sourceTree = "<group>";
		};
		3821C60C2227C99100977869 /* User Login */ = {
			isa = PBXGroup;
			children = (
				3821C60D2227C9DB00977869 /* UserLoginView.swift */,
				3821C60F2227C9F200977869 /* UserLoginView.xib */,
			);
			path = "User Login";
			sourceTree = "<group>";
		};
		3821C6112227CDE700977869 /* Custom View */ = {
			isa = PBXGroup;
			children = (
				3821C6122227CE0C00977869 /* TextfieldView.swift */,
			);
			path = "Custom View";
			sourceTree = "<group>";
		};
		3821C6162227D68400977869 /* fonts */ = {
			isa = PBXGroup;
			children = (
				3821C61B2227D6A900977869 /* MarkSimonson-ProximaNova.ttf */,
				3821C6172227D6A900977869 /* ProximaNova.ttf */,
				3821C6192227D6A900977869 /* ProximaNovaLight.ttf */,
				3821C6182227D6A900977869 /* ProximaNovaRegular.ttf */,
				3821C61A2227D6A900977869 /* ProximaNovaSemibold.ttf */,
			);
			path = fonts;
			sourceTree = "<group>";
		};
		3821C6212227DC5800977869 /* User Signup */ = {
			isa = PBXGroup;
			children = (
				3821C6242227DCCE00977869 /* UserSignupView.swift */,
				3821C6262227DCDD00977869 /* UserSignupView.xib */,
			);
			path = "User Signup";
			sourceTree = "<group>";
		};
		62B9FC38DC3FA69A975CF080 /* Frameworks */ = {
			isa = PBXGroup;
			children = (
				6F5DA97AC36DD79E1DCB1798 /* Pods_HABIT_OF.framework */,
			);
			name = Frameworks;
			sourceTree = "<group>";
		};
		C707D401C3594A817379E90C /* Pods */ = {
			isa = PBXGroup;
			children = (
				CE550BBEC12E243DBC929E7E /* Pods-HABIT_OF.debug.xcconfig */,
				E472069783F18870E23C7C43 /* Pods-HABIT_OF.release.xcconfig */,
			);
			name = Pods;
			sourceTree = "<group>";
		};
/* End PBXGroup section */

/* Begin PBXNativeTarget section */
		3821C5CD22279E7A00977869 /* HABIT_OF */ = {
			isa = PBXNativeTarget;
			buildConfigurationList = 3821C5E022279E7B00977869 /* Build configuration list for PBXNativeTarget "HABIT_OF" */;
			buildPhases = (
				3AE6F16D6416FCD32DD0106E /* [CP] Check Pods Manifest.lock */,
				3821C5EA2227A29200977869 /* ShellScript */,
				3821C5CA22279E7A00977869 /* Sources */,
				3821C5CB22279E7A00977869 /* Frameworks */,
				3821C5CC22279E7A00977869 /* Resources */,
				C8DBAA00C17CB17D62BA01C2 /* [CP] Embed Pods Frameworks */,
				05CC2CE4601C0691DC435978 /* [CP] Copy Pods Resources */,
			);
			buildRules = (
			);
			dependencies = (
			);
			name = HABIT_OF;
			productName = HABIT_OF;
			productReference = 3821C5CE22279E7A00977869 /* HABIT_OF.app */;
			productType = "com.apple.product-type.application";
		};
/* End PBXNativeTarget section */

/* Begin PBXProject section */
		3821C5C622279E7A00977869 /* Project object */ = {
			isa = PBXProject;
			attributes = {
				LastSwiftUpdateCheck = 1010;
				LastUpgradeCheck = 1010;
				ORGANIZATIONNAME = "Anton Danilov";
				TargetAttributes = {
					3821C5CD22279E7A00977869 = {
						CreatedOnToolsVersion = 10.1;
					};
				};
			};
			buildConfigurationList = 3821C5C922279E7A00977869 /* Build configuration list for PBXProject "HABIT_OF" */;
			compatibilityVersion = "Xcode 9.3";
			developmentRegion = en;
			hasScannedForEncodings = 0;
			knownRegions = (
				en,
				Base,
			);
			mainGroup = 3821C5C522279E7A00977869;
			productRefGroup = 3821C5CF22279E7A00977869 /* Products */;
			projectDirPath = "";
			projectRoot = "";
			targets = (
				3821C5CD22279E7A00977869 /* HABIT_OF */,
			);
		};
/* End PBXProject section */

/* Begin PBXResourcesBuildPhase section */
		3821C5CC22279E7A00977869 /* Resources */ = {
			isa = PBXResourcesBuildPhase;
			buildActionMask = 2147483647;
			files = (
				3821C5DC22279E7B00977869 /* LaunchScreen.storyboard in Resources */,
				3821C61C2227D6A900977869 /* ProximaNova.ttf in Resources */,
				3821C6102227C9F200977869 /* UserLoginView.xib in Resources */,
				3821C6272227DCDD00977869 /* UserSignupView.xib in Resources */,
				3821C5FA2227ABEC00977869 /* LoginMainView.xib in Resources */,
				3821C61D2227D6A900977869 /* ProximaNovaRegular.ttf in Resources */,
				3821C5D922279E7B00977869 /* Assets.xcassets in Resources */,
				3821C6202227D6A900977869 /* MarkSimonson-ProximaNova.ttf in Resources */,
				3821C61F2227D6A900977869 /* ProximaNovaSemibold.ttf in Resources */,
				3821C61E2227D6A900977869 /* ProximaNovaLight.ttf in Resources */,
			);
			runOnlyForDeploymentPostprocessing = 0;
		};
/* End PBXResourcesBuildPhase section */

/* Begin PBXShellScriptBuildPhase section */
		05CC2CE4601C0691DC435978 /* [CP] Copy Pods Resources */ = {
			isa = PBXShellScriptBuildPhase;
			buildActionMask = 2147483647;
			files = (
			);
			inputFileListPaths = (
			);
			inputPaths = (
			);
			name = "[CP] Copy Pods Resources";
			outputFileListPaths = (
			);
			outputPaths = (
			);
			runOnlyForDeploymentPostprocessing = 0;
			shellPath = /bin/sh;
			shellScript = "\"${SRCROOT}/Pods/Target Support Files/Pods-HABIT_OF/Pods-HABIT_OF-resources.sh\"\n";
			showEnvVarsInLog = 0;
		};
		3821C5EA2227A29200977869 /* ShellScript */ = {
			isa = PBXShellScriptBuildPhase;
			buildActionMask = 2147483647;
			files = (
			);
			inputFileListPaths = (
			);
			inputPaths = (
			);
			outputFileListPaths = (
			);
			outputPaths = (
			);
			runOnlyForDeploymentPostprocessing = 0;
			shellPath = /bin/sh;
			shellScript = "\"${PODS_ROOT}/SwiftLint/swiftlint\"\n";
		};
		3AE6F16D6416FCD32DD0106E /* [CP] Check Pods Manifest.lock */ = {
			isa = PBXShellScriptBuildPhase;
			buildActionMask = 2147483647;
			files = (
			);
			inputFileListPaths = (
			);
			inputPaths = (
				"${PODS_PODFILE_DIR_PATH}/Podfile.lock",
				"${PODS_ROOT}/Manifest.lock",
			);
			name = "[CP] Check Pods Manifest.lock";
			outputFileListPaths = (
			);
			outputPaths = (
				"$(DERIVED_FILE_DIR)/Pods-HABIT_OF-checkManifestLockResult.txt",
			);
			runOnlyForDeploymentPostprocessing = 0;
			shellPath = /bin/sh;
			shellScript = "diff \"${PODS_PODFILE_DIR_PATH}/Podfile.lock\" \"${PODS_ROOT}/Manifest.lock\" > /dev/null\nif [ $? != 0 ] ; then\n    # print error to STDERR\n    echo \"error: The sandbox is not in sync with the Podfile.lock. Run 'pod install' or update your CocoaPods installation.\" >&2\n    exit 1\nfi\n# This output is used by Xcode 'outputs' to avoid re-running this script phase.\necho \"SUCCESS\" > \"${SCRIPT_OUTPUT_FILE_0}\"\n";
			showEnvVarsInLog = 0;
		};
		C8DBAA00C17CB17D62BA01C2 /* [CP] Embed Pods Frameworks */ = {
			isa = PBXShellScriptBuildPhase;
			buildActionMask = 2147483647;
			files = (
			);
			inputFileListPaths = (
			);
			inputPaths = (
			);
			name = "[CP] Embed Pods Frameworks";
			outputFileListPaths = (
			);
			outputPaths = (
			);
			runOnlyForDeploymentPostprocessing = 0;
			shellPath = /bin/sh;
			shellScript = "\"${SRCROOT}/Pods/Target Support Files/Pods-HABIT_OF/Pods-HABIT_OF-frameworks.sh\"\n";
			showEnvVarsInLog = 0;
		};
/* End PBXShellScriptBuildPhase section */

/* Begin PBXSourcesBuildPhase section */
		3821C5CA22279E7A00977869 /* Sources */ = {
			isa = PBXSourcesBuildPhase;
			buildActionMask = 2147483647;
			files = (
				3821C6082227B7D800977869 /* UserLoginViewController.swift in Sources */,
				3821C60E2227C9DB00977869 /* UserLoginView.swift in Sources */,
				3821C6152227CF7500977869 /* Validator.swift in Sources */,
				3821C6252227DCCE00977869 /* UserSignupView.swift in Sources */,
				3821C60B2227C5B600977869 /* Color+Extension.swift in Sources */,
				3821C5F72227A90D00977869 /* Router.swift in Sources */,
				3821C6132227CE0C00977869 /* TextfieldView.swift in Sources */,
				3821C5FE2227AED400977869 /* LoginMainViewController.swift in Sources */,
				3821C6062227B65200977869 /* LoginRouter.swift in Sources */,
				3821C5D222279E7A00977869 /* AppDelegate.swift in Sources */,
				3821C6232227DCA800977869 /* UserSignupViewController.swift in Sources */,
				3821C6002227B00E00977869 /* LoginMainView.swift in Sources */,
			);
			runOnlyForDeploymentPostprocessing = 0;
		};
/* End PBXSourcesBuildPhase section */

/* Begin PBXVariantGroup section */
		3821C5DA22279E7B00977869 /* LaunchScreen.storyboard */ = {
			isa = PBXVariantGroup;
			children = (
				3821C5DB22279E7B00977869 /* Base */,
			);
			name = LaunchScreen.storyboard;
			path = .;
			sourceTree = "<group>";
		};
/* End PBXVariantGroup section */

/* Begin XCBuildConfiguration section */
		3821C5DE22279E7B00977869 /* Debug */ = {
			isa = XCBuildConfiguration;
			buildSettings = {
				ALWAYS_SEARCH_USER_PATHS = NO;
				CLANG_ANALYZER_NONNULL = YES;
				CLANG_ANALYZER_NUMBER_OBJECT_CONVERSION = YES_AGGRESSIVE;
				CLANG_CXX_LANGUAGE_STANDARD = "gnu++14";
				CLANG_CXX_LIBRARY = "libc++";
				CLANG_ENABLE_MODULES = YES;
				CLANG_ENABLE_OBJC_ARC = YES;
				CLANG_ENABLE_OBJC_WEAK = YES;
				CLANG_WARN_BLOCK_CAPTURE_AUTORELEASING = YES;
				CLANG_WARN_BOOL_CONVERSION = YES;
				CLANG_WARN_COMMA = YES;
				CLANG_WARN_CONSTANT_CONVERSION = YES;
				CLANG_WARN_DEPRECATED_OBJC_IMPLEMENTATIONS = YES;
				CLANG_WARN_DIRECT_OBJC_ISA_USAGE = YES_ERROR;
				CLANG_WARN_DOCUMENTATION_COMMENTS = YES;
				CLANG_WARN_EMPTY_BODY = YES;
				CLANG_WARN_ENUM_CONVERSION = YES;
				CLANG_WARN_INFINITE_RECURSION = YES;
				CLANG_WARN_INT_CONVERSION = YES;
				CLANG_WARN_NON_LITERAL_NULL_CONVERSION = YES;
				CLANG_WARN_OBJC_IMPLICIT_RETAIN_SELF = YES;
				CLANG_WARN_OBJC_LITERAL_CONVERSION = YES;
				CLANG_WARN_OBJC_ROOT_CLASS = YES_ERROR;
				CLANG_WARN_RANGE_LOOP_ANALYSIS = YES;
				CLANG_WARN_STRICT_PROTOTYPES = YES;
				CLANG_WARN_SUSPICIOUS_MOVE = YES;
				CLANG_WARN_UNGUARDED_AVAILABILITY = YES_AGGRESSIVE;
				CLANG_WARN_UNREACHABLE_CODE = YES;
				CLANG_WARN__DUPLICATE_METHOD_MATCH = YES;
				CODE_SIGN_IDENTITY = "iPhone Developer";
				COPY_PHASE_STRIP = NO;
				DEBUG_INFORMATION_FORMAT = dwarf;
				ENABLE_STRICT_OBJC_MSGSEND = YES;
				ENABLE_TESTABILITY = YES;
				GCC_C_LANGUAGE_STANDARD = gnu11;
				GCC_DYNAMIC_NO_PIC = NO;
				GCC_NO_COMMON_BLOCKS = YES;
				GCC_OPTIMIZATION_LEVEL = 0;
				GCC_PREPROCESSOR_DEFINITIONS = (
					"DEBUG=1",
					"$(inherited)",
				);
				GCC_WARN_64_TO_32_BIT_CONVERSION = YES;
				GCC_WARN_ABOUT_RETURN_TYPE = YES_ERROR;
				GCC_WARN_UNDECLARED_SELECTOR = YES;
				GCC_WARN_UNINITIALIZED_AUTOS = YES_AGGRESSIVE;
				GCC_WARN_UNUSED_FUNCTION = YES;
				GCC_WARN_UNUSED_VARIABLE = YES;
				IPHONEOS_DEPLOYMENT_TARGET = 12.1;
				MTL_ENABLE_DEBUG_INFO = INCLUDE_SOURCE;
				MTL_FAST_MATH = YES;
				ONLY_ACTIVE_ARCH = YES;
				SDKROOT = iphoneos;
				SWIFT_ACTIVE_COMPILATION_CONDITIONS = DEBUG;
				SWIFT_OPTIMIZATION_LEVEL = "-Onone";
			};
			name = Debug;
		};
		3821C5DF22279E7B00977869 /* Release */ = {
			isa = XCBuildConfiguration;
			buildSettings = {
				ALWAYS_SEARCH_USER_PATHS = NO;
				CLANG_ANALYZER_NONNULL = YES;
				CLANG_ANALYZER_NUMBER_OBJECT_CONVERSION = YES_AGGRESSIVE;
				CLANG_CXX_LANGUAGE_STANDARD = "gnu++14";
				CLANG_CXX_LIBRARY = "libc++";
				CLANG_ENABLE_MODULES = YES;
				CLANG_ENABLE_OBJC_ARC = YES;
				CLANG_ENABLE_OBJC_WEAK = YES;
				CLANG_WARN_BLOCK_CAPTURE_AUTORELEASING = YES;
				CLANG_WARN_BOOL_CONVERSION = YES;
				CLANG_WARN_COMMA = YES;
				CLANG_WARN_CONSTANT_CONVERSION = YES;
				CLANG_WARN_DEPRECATED_OBJC_IMPLEMENTATIONS = YES;
				CLANG_WARN_DIRECT_OBJC_ISA_USAGE = YES_ERROR;
				CLANG_WARN_DOCUMENTATION_COMMENTS = YES;
				CLANG_WARN_EMPTY_BODY = YES;
				CLANG_WARN_ENUM_CONVERSION = YES;
				CLANG_WARN_INFINITE_RECURSION = YES;
				CLANG_WARN_INT_CONVERSION = YES;
				CLANG_WARN_NON_LITERAL_NULL_CONVERSION = YES;
				CLANG_WARN_OBJC_IMPLICIT_RETAIN_SELF = YES;
				CLANG_WARN_OBJC_LITERAL_CONVERSION = YES;
				CLANG_WARN_OBJC_ROOT_CLASS = YES_ERROR;
				CLANG_WARN_RANGE_LOOP_ANALYSIS = YES;
				CLANG_WARN_STRICT_PROTOTYPES = YES;
				CLANG_WARN_SUSPICIOUS_MOVE = YES;
				CLANG_WARN_UNGUARDED_AVAILABILITY = YES_AGGRESSIVE;
				CLANG_WARN_UNREACHABLE_CODE = YES;
				CLANG_WARN__DUPLICATE_METHOD_MATCH = YES;
				CODE_SIGN_IDENTITY = "iPhone Developer";
				COPY_PHASE_STRIP = NO;
				DEBUG_INFORMATION_FORMAT = "dwarf-with-dsym";
				ENABLE_NS_ASSERTIONS = NO;
				ENABLE_STRICT_OBJC_MSGSEND = YES;
				GCC_C_LANGUAGE_STANDARD = gnu11;
				GCC_NO_COMMON_BLOCKS = YES;
				GCC_WARN_64_TO_32_BIT_CONVERSION = YES;
				GCC_WARN_ABOUT_RETURN_TYPE = YES_ERROR;
				GCC_WARN_UNDECLARED_SELECTOR = YES;
				GCC_WARN_UNINITIALIZED_AUTOS = YES_AGGRESSIVE;
				GCC_WARN_UNUSED_FUNCTION = YES;
				GCC_WARN_UNUSED_VARIABLE = YES;
				IPHONEOS_DEPLOYMENT_TARGET = 12.1;
				MTL_ENABLE_DEBUG_INFO = NO;
				MTL_FAST_MATH = YES;
				SDKROOT = iphoneos;
				SWIFT_COMPILATION_MODE = wholemodule;
				SWIFT_OPTIMIZATION_LEVEL = "-O";
				VALIDATE_PRODUCT = YES;
			};
			name = Release;
		};
		3821C5E122279E7B00977869 /* Debug */ = {
			isa = XCBuildConfiguration;
			baseConfigurationReference = CE550BBEC12E243DBC929E7E /* Pods-HABIT_OF.debug.xcconfig */;
			buildSettings = {
				ASSETCATALOG_COMPILER_APPICON_NAME = AppIcon;
				CODE_SIGN_STYLE = Automatic;
				DEVELOPMENT_TEAM = 4WJLTVKUMT;
				INFOPLIST_FILE = "$(SRCROOT)/HABIT_OF/Supporting Files/Info.plist";
				IPHONEOS_DEPLOYMENT_TARGET = 11.0;
				LD_RUNPATH_SEARCH_PATHS = (
					"$(inherited)",
					"@executable_path/Frameworks",
				);
				PRODUCT_BUNDLE_IDENTIFIER = "--.HABIT-OF";
				PRODUCT_NAME = "$(TARGET_NAME)";
				SWIFT_VERSION = 4.2;
				TARGETED_DEVICE_FAMILY = 1;
			};
			name = Debug;
		};
		3821C5E222279E7B00977869 /* Release */ = {
			isa = XCBuildConfiguration;
			baseConfigurationReference = E472069783F18870E23C7C43 /* Pods-HABIT_OF.release.xcconfig */;
			buildSettings = {
				ASSETCATALOG_COMPILER_APPICON_NAME = AppIcon;
				CODE_SIGN_STYLE = Automatic;
				DEVELOPMENT_TEAM = 4WJLTVKUMT;
				INFOPLIST_FILE = "$(SRCROOT)/HABIT_OF/Supporting Files/Info.plist";
				IPHONEOS_DEPLOYMENT_TARGET = 11.0;
				LD_RUNPATH_SEARCH_PATHS = (
					"$(inherited)",
					"@executable_path/Frameworks",
				);
				PRODUCT_BUNDLE_IDENTIFIER = "--.HABIT-OF";
				PRODUCT_NAME = "$(TARGET_NAME)";
				SWIFT_VERSION = 4.2;
				TARGETED_DEVICE_FAMILY = 1;
			};
			name = Release;
		};
/* End XCBuildConfiguration section */

/* Begin XCConfigurationList section */
		3821C5C922279E7A00977869 /* Build configuration list for PBXProject "HABIT_OF" */ = {
			isa = XCConfigurationList;
			buildConfigurations = (
				3821C5DE22279E7B00977869 /* Debug */,
				3821C5DF22279E7B00977869 /* Release */,
			);
			defaultConfigurationIsVisible = 0;
			defaultConfigurationName = Release;
		};
		3821C5E022279E7B00977869 /* Build configuration list for PBXNativeTarget "HABIT_OF" */ = {
			isa = XCConfigurationList;
			buildConfigurations = (
				3821C5E122279E7B00977869 /* Debug */,
				3821C5E222279E7B00977869 /* Release */,
			);
			defaultConfigurationIsVisible = 0;
			defaultConfigurationName = Release;
		};
/* End XCConfigurationList section */
	};
	rootObject = 3821C5C622279E7A00977869 /* Project object */;
}
